
Microsoft Visual Studio Solution File, Format Version 12.00
# Visual Studio Version 16
VisualStudioVersion = 16.0.31702.278
MinimumVisualStudioVersion = 10.0.40219.1
Project("{FAE04EC0-301F-11D3-BF4B-00C04F79EFBC}") = "PrimeRange", "PrimeRange.csproj", "{7A441C3C-BCBF-4072-A690-94FE562994B0}"
EndProject
Global
	GlobalSection(SolutionConfigurationPlatforms) = preSolution
		Debug|Any CPU = Debug|Any CPU
		Release|Any CPU = Release|Any CPU
	EndGlobalSection
	GlobalSection(ProjectConfigurationPlatforms) = postSolution
		{7A441C3C-BCBF-4072-A690-94FE562994B0}.Debug|Any CPU.ActiveCfg = Debug|Any CPU
		{7A441C3C-BCBF-4072-A690-94FE562994B0}.Debug|Any CPU.Build.0 = Debug|Any CPU
		{7A441C3C-BCBF-4072-A690-94FE562994B0}.Release|Any CPU.ActiveCfg = Release|Any CPU
		{7A441C3C-BCBF-4072-A690-94FE562994B0}.Release|Any CPU.Build.0 = Release|Any CPU
	EndGlobalSection
	GlobalSection(SolutionProperties) = preSolution
		HideSolutionNode = FALSE
	EndGlobalSection
	GlobalSection(ExtensibilityGlobals) = postSolution
		SolutionGuid = {7C5394EF-4DB6-41E7-BF37-3219B0B7F5A8}
	EndGlobalSection
EndGlobal
